Microsoft Visual Studio Solution File, Format Version 11.00
# Visual Studio 2008

Project("{F66E69AB-8537-C4C6-1BB1-7781847543E1}") = "testSound", "Assembly-CSharp-vs.csproj", "{65011BAF-6E75-B32D-8EFF-BF2025399316}"
EndProject
Global
	GlobalSection(SolutionConfigurationPlatforms) = preSolution
		Debug|Any CPU = Debug|Any CPU
		Release|Any CPU = Release|Any CPU
	EndGlobalSection
	GlobalSection(ProjectConfigurationPlatforms) = postSolution
		{65011BAF-6E75-B32D-8EFF-BF2025399316}.Debug|Any CPU.ActiveCfg = Debug|Any CPU
		{65011BAF-6E75-B32D-8EFF-BF2025399316}.Debug|Any CPU.Build.0 = Debug|Any CPU
		{65011BAF-6E75-B32D-8EFF-BF2025399316}.Release|Any CPU.ActiveCfg = Release|Any CPU
		{65011BAF-6E75-B32D-8EFF-BF2025399316}.Release|Any CPU.Build.0 = Release|Any CPU
	EndGlobalSection
	GlobalSection(SolutionProperties) = preSolution
		HideSolutionNode = FALSE
	EndGlobalSection
		GlobalSection(MonoDevelopProperties) = preSolution
		StartupItem = Assembly-CSharp.csproj
		Policies = $0
		$0.TextStylePolicy = $1
		$1.inheritsSet = null
		$1.scope = text/x-csharp
		$0.CSharpFormattingPolicy = $2
		$2.inheritsSet = Mono
		$2.inheritsScope = text/x-csharp
		$2.scope = text/x-csharp
		$0.TextStylePolicy = $3
		$3.FileWidth = 120
		$3.TabWidth = 4
		$3.EolMarker = Unix
		$3.inheritsSet = Mono
		$3.inheritsScope = text/plain
		$3.scope = text/plain
	EndGlobalSection

EndGlobal
